
Microsoft Visual Studio Solution File, Format Version 12.00
# Visual Studio 2013
VisualStudioVersion = 12.0.31101.0
MinimumVisualStudioVersion = 10.0.40219.1
Project("{FAE04EC0-301F-11D3-BF4B-00C04F79EFBC}") = "CoolFrameworkLibrary", "CoolFrameworkLibrary\CoolFrameworkLibrary.csproj", "{6E2ECFA0-6422-4352-946F-7573053423F3}"
EndProject
Project("{FAE04EC0-301F-11D3-BF4B-00C04F79EFBC}") = "nUnit", "nUnit\nUnit.csproj", "{9CB8BA4A-5D40-42D2-98C6-9461208E68C0}"
EndProject
Project("{2150E333-8FDC-42A3-9474-1A3956D46DE8}") = ".nuget", ".nuget", "{2C93E1C4-55F2-437B-AE1A-4C5749B0A3A6}"
	ProjectSection(SolutionItems) = preProject
		.nuget\packages.config = .nuget\packages.config
	EndProjectSection
EndProject
Global
	GlobalSection(SolutionConfigurationPlatforms) = preSolution
		Debug|Any CPU = Debug|Any CPU
		Release|Any CPU = Release|Any CPU
	EndGlobalSection
	GlobalSection(ProjectConfigurationPlatforms) = postSolution
		{6E2ECFA0-6422-4352-946F-7573053423F3}.Debug|Any CPU.ActiveCfg = Debug|Any CPU
		{6E2ECFA0-6422-4352-946F-7573053423F3}.Debug|Any CPU.Build.0 = Debug|Any CPU
		{6E2ECFA0-6422-4352-946F-7573053423F3}.Release|Any CPU.ActiveCfg = Release|Any CPU
		{6E2ECFA0-6422-4352-946F-7573053423F3}.Release|Any CPU.Build.0 = Release|Any CPU
		{9CB8BA4A-5D40-42D2-98C6-9461208E68C0}.Debug|Any CPU.ActiveCfg = Debug|Any CPU
		{9CB8BA4A-5D40-42D2-98C6-9461208E68C0}.Debug|Any CPU.Build.0 = Debug|Any CPU
		{9CB8BA4A-5D40-42D2-98C6-9461208E68C0}.Release|Any CPU.ActiveCfg = Release|Any CPU
		{9CB8BA4A-5D40-42D2-98C6-9461208E68C0}.Release|Any CPU.Build.0 = Release|Any CPU
	EndGlobalSection
	GlobalSection(SolutionProperties) = preSolution
		HideSolutionNode = FALSE
	EndGlobalSection
EndGlobal
